{
  "name": "bookstoreproject",
  "version": "1.0.0",
  "description": "API Automation framework using Playwright and TypeScript",
  "license": "ISC",
  "scripts": {
    "test": "npx playwright test",
    "allure:generate": "allure generate allure-results --clean",
    "allure:open": "allure open allure-report",
    "allure:serve": "allure serve allure-results",
    "test:ci": "npx playwright test --reporter=line"
  },
  "devDependencies": {
    "@playwright/test": "^1.54.1",
    "@types/node": "^20.0.0",
    "allure-playwright": "^3.3.2",
    "typescript": "^5.4.5"
  }
}